
Microsoft Visual Studio Solution File, Format Version 12.00
# Visual Studio Version 17
VisualStudioVersion = 17.8.34330.188
MinimumVisualStudioVersion = 10.0.40219.1
Project("{FAE04EC0-301F-11D3-BF4B-00C04F79EFBC}") = "SistemaDeHospedagem", "SistemaDeHospedagem\SistemaDeHospedagem.csproj", "{54B5AC6C-124F-4771-A14F-7A445C1E50BB}"
EndProject
Global
	GlobalSection(SolutionConfigurationPlatforms) = preSolution
		Debug|Any CPU = Debug|Any CPU
		Release|Any CPU = Release|Any CPU
	EndGlobalSection
	GlobalSection(ProjectConfigurationPlatforms) = postSolution
		{54B5AC6C-124F-4771-A14F-7A445C1E50BB}.Debug|Any CPU.ActiveCfg = Debug|Any CPU
		{54B5AC6C-124F-4771-A14F-7A445C1E50BB}.Debug|Any CPU.Build.0 = Debug|Any CPU
		{54B5AC6C-124F-4771-A14F-7A445C1E50BB}.Release|Any CPU.ActiveCfg = Release|Any CPU
		{54B5AC6C-124F-4771-A14F-7A445C1E50BB}.Release|Any CPU.Build.0 = Release|Any CPU
	EndGlobalSection
	GlobalSection(SolutionProperties) = preSolution
		HideSolutionNode = FALSE
	EndGlobalSection
	GlobalSection(ExtensibilityGlobals) = postSolution
		SolutionGuid = {85D35CE2-AA27-4583-96B3-88435AC064EE}
	EndGlobalSection
EndGlobal
